// !$*UTF8*$!
{
	archiveVersion = 1;
	classes = {
	};
	objectVersion = 50;
	objects = {

/* Begin PBXBuildFile section */
		F88A2F3522B24B97004C7A54 /* LEODemoAlertView.m in Sources */ = {isa = PBXBuildFile; fileRef = F88A2F3422B24B97004C7A54 /* LEODemoAlertView.m */; };
		F8A2C39922B1F213004DE3F4 /* AppDelegate.m in Sources */ = {isa = PBXBuildFile; fileRef = F8A2C39822B1F213004DE3F4 /* AppDelegate.m */; };
		F8A2C39C22B1F213004DE3F4 /* ViewController.m in Sources */ = {isa = PBXBuildFile; fileRef = F8A2C39B22B1F213004DE3F4 /* ViewController.m */; };
		F8A2C39F22B1F214004DE3F4 /* Main.storyboard in Resources */ = {isa = PBXBuildFile; fileRef = F8A2C39D22B1F214004DE3F4 /* Main.storyboard */; };
		F8A2C3A122B1F221004DE3F4 /* Assets.xcassets in Resources */ = {isa = PBXBuildFile; fileRef = F8A2C3A022B1F221004DE3F4 /* Assets.xcassets */; };
		F8A2C3A422B1F221004DE3F4 /* LaunchScreen.storyboard in Resources */ = {isa = PBXBuildFile; fileRef = F8A2C3A222B1F221004DE3F4 /* LaunchScreen.storyboard */; };
		F8A2C3A722B1F221004DE3F4 /* main.m in Sources */ = {isa = PBXBuildFile; fileRef = F8A2C3A622B1F221004DE3F4 /* main.m */; };
		F8A2C3B022B1F311004DE3F4 /* LEOAlertView.m in Sources */ = {isa = PBXBuildFile; fileRef = F8A2C3AF22B1F311004DE3F4 /* LEOAlertView.m */; };
/* End PBXBuildFile section */

/* Begin PBXFileReference section */
		F88A2F3322B24B97004C7A54 /* LEODemoAlertView.h */ = {isa = PBXFileReference; lastKnownFileType = sourcecode.c.h; path = LEODemoAlertView.h; sourceTree = "<group>"; };
		F88A2F3422B24B97004C7A54 /* LEODemoAlertView.m */ = {isa = PBXFileReference; lastKnownFileType = sourcecode.c.objc; path = LEODemoAlertView.m; sourceTree = "<group>"; };
		F8A2C39422B1F213004DE3F4 /* LEOAlertView.app */ = {isa = PBXFileReference; explicitFileType = wrapper.application; includeInIndex = 0; path = LEOAlertView.app; sourceTree = BUILT_PRODUCTS_DIR; };
		F8A2C39722B1F213004DE3F4 /* AppDelegate.h */ = {isa = PBXFileReference; lastKnownFileType = sourcecode.c.h; path = AppDelegate.h; sourceTree = "<group>"; };
		F8A2C39822B1F213004DE3F4 /* AppDelegate.m */ = {isa = PBXFileReference; lastKnownFileType = sourcecode.c.objc; path = AppDelegate.m; sourceTree = "<group>"; };
		F8A2C39A22B1F213004DE3F4 /* ViewController.h */ = {isa = PBXFileReference; lastKnownFileType = sourcecode.c.h; path = ViewController.h; sourceTree = "<group>"; };
		F8A2C39B22B1F213004DE3F4 /* ViewController.m */ = {isa = PBXFileReference; lastKnownFileType = sourcecode.c.objc; path = ViewController.m; sourceTree = "<group>"; };
		F8A2C39E22B1F214004DE3F4 /* Base */ = {isa = PBXFileReference; lastKnownFileType = file.storyboard; name = Base; path = Base.lproj/Main.storyboard; sourceTree = "<group>"; };
		F8A2C3A022B1F221004DE3F4 /* Assets.xcassets */ = {isa = PBXFileReference; lastKnownFileType = folder.assetcatalog; path = Assets.xcassets; sourceTree = "<group>"; };
		F8A2C3A322B1F221004DE3F4 /* Base */ = {isa = PBXFileReference; lastKnownFileType = file.storyboard; name = Base; path = Base.lproj/LaunchScreen.storyboard; sourceTree = "<group>"; };
		F8A2C3A522B1F221004DE3F4 /* Info.plist */ = {isa = PBXFileReference; lastKnownFileType = text.plist.xml; path = Info.plist; sourceTree = "<group>"; };
		F8A2C3A622B1F221004DE3F4 /* main.m */ = {isa = PBXFileReference; lastKnownFileType = sourcecode.c.objc; path = main.m; sourceTree = "<group>"; };
		F8A2C3AE22B1F311004DE3F4 /* LEOAlertView.h */ = {isa = PBXFileReference; lastKnownFileType = sourcecode.c.h; path = LEOAlertView.h; sourceTree = "<group>"; };
		F8A2C3AF22B1F311004DE3F4 /* LEOAlertView.m */ = {isa = PBXFileReference; lastKnownFileType = sourcecode.c.objc; path = LEOAlertView.m; sourceTree = "<group>"; };
/* End PBXFileReference section */

/* Begin PBXFrameworksBuildPhase section */
		F8A2C39122B1F213004DE3F4 /* Frameworks */ = {
			isa = PBXFrameworksBuildPhase;
			buildActionMask = 2147483647;
			files = (
			);
			runOnlyForDeploymentPostprocessing = 0;
		};
/* End PBXFrameworksBuildPhase section */

/* Begin PBXGroup section */
		F88A2F3222B24B26004C7A54 /* demoView */ = {
			isa = PBXGroup;
			children = (
				F88A2F3322B24B97004C7A54 /* LEODemoAlertView.h */,
				F88A2F3422B24B97004C7A54 /* LEODemoAlertView.m */,
			);
			path = demoView;
			sourceTree = "<group>";
		};
		F8A2C38B22B1F213004DE3F4 = {
			isa = PBXGroup;
			children = (
				F8A2C39622B1F213004DE3F4 /* LEOAlertView */,
				F8A2C39522B1F213004DE3F4 /* Products */,
			);
			sourceTree = "<group>";
		};
		F8A2C39522B1F213004DE3F4 /* Products */ = {
			isa = PBXGroup;
			children = (
				F8A2C39422B1F213004DE3F4 /* LEOAlertView.app */,
			);
			name = Products;
			sourceTree = "<group>";
		};
		F8A2C39622B1F213004DE3F4 /* LEOAlertView */ = {
			isa = PBXGroup;
			children = (
				F8A2C3AD22B1F2DC004DE3F4 /* LEOAlertView */,
				F8A2C39722B1F213004DE3F4 /* AppDelegate.h */,
				F8A2C39822B1F213004DE3F4 /* AppDelegate.m */,
				F8A2C39A22B1F213004DE3F4 /* ViewController.h */,
				F8A2C39B22B1F213004DE3F4 /* ViewController.m */,
				F88A2F3222B24B26004C7A54 /* demoView */,
				F8A2C39D22B1F214004DE3F4 /* Main.storyboard */,
				F8A2C3A022B1F221004DE3F4 /* Assets.xcassets */,
				F8A2C3A222B1F221004DE3F4 /* LaunchScreen.storyboard */,
				F8A2C3A522B1F221004DE3F4 /* Info.plist */,
				F8A2C3A622B1F221004DE3F4 /* main.m */,
			);
			path = LEOAlertView;
			sourceTree = "<group>";
		};
		F8A2C3AD22B1F2DC004DE3F4 /* LEOAlertView */ = {
			isa = PBXGroup;
			children = (
				F8A2C3AE22B1F311004DE3F4 /* LEOAlertView.h */,
				F8A2C3AF22B1F311004DE3F4 /* LEOAlertView.m */,
			);
			path = LEOAlertView;
			sourceTree = "<group>";
		};
/* End PBXGroup section */

/* Begin PBXNativeTarget section */
		F8A2C39322B1F213004DE3F4 /* LEOAlertView */ = {
			isa = PBXNativeTarget;
			buildConfigurationList = F8A2C3AA22B1F221004DE3F4 /* Build configuration list for PBXNativeTarget "LEOAlertView" */;
			buildPhases = (
				F8A2C39022B1F213004DE3F4 /* Sources */,
				F8A2C39122B1F213004DE3F4 /* Frameworks */,
				F8A2C39222B1F213004DE3F4 /* Resources */,
			);
			buildRules = (
			);
			dependencies = (
			);
			name = LEOAlertView;
			productName = LEOAlertView;
			productReference = F8A2C39422B1F213004DE3F4 /* LEOAlertView.app */;
			productType = "com.apple.product-type.application";
		};
/* End PBXNativeTarget section */

/* Begin PBXProject section */
		F8A2C38C22B1F213004DE3F4 /* Project object */ = {
			isa = PBXProject;
			attributes = {
				LastUpgradeCheck = 1010;
				ORGANIZATIONNAME = Bairui;
				TargetAttributes = {
					F8A2C39322B1F213004DE3F4 = {
						CreatedOnToolsVersion = 10.1;
					};
				};
			};
			buildConfigurationList = F8A2C38F22B1F213004DE3F4 /* Build configuration list for PBXProject "LEOAlertView" */;
			compatibilityVersion = "Xcode 9.3";
			developmentRegion = en;
			hasScannedForEncodings = 0;
			knownRegions = (
				en,
				Base,
			);
			mainGroup = F8A2C38B22B1F213004DE3F4;
			productRefGroup = F8A2C39522B1F213004DE3F4 /* Products */;
			projectDirPath = "";
			projectRoot = "";
			targets = (
				F8A2C39322B1F213004DE3F4 /* LEOAlertView */,
			);
		};
/* End PBXProject section */

/* Begin PBXResourcesBuildPhase section */
		F8A2C39222B1F213004DE3F4 /* Resources */ = {
			isa = PBXResourcesBuildPhase;
			buildActionMask = 2147483647;
			files = (
				F8A2C3A422B1F221004DE3F4 /* LaunchScreen.storyboard in Resources */,
				F8A2C3A122B1F221004DE3F4 /* Assets.xcassets in Resources */,
				F8A2C39F22B1F214004DE3F4 /* Main.storyboard in Resources */,
			);
			runOnlyForDeploymentPostprocessing = 0;
		};
/* End PBXResourcesBuildPhase section */

/* Begin PBXSourcesBuildPhase section */
		F8A2C39022B1F213004DE3F4 /* Sources */ = {
			isa = PBXSourcesBuildPhase;
			buildActionMask = 2147483647;
			files = (
				F8A2C3B022B1F311004DE3F4 /* LEOAlertView.m in Sources */,
				F8A2C39C22B1F213004DE3F4 /* ViewController.m in Sources */,
				F88A2F3522B24B97004C7A54 /* LEODemoAlertView.m in Sources */,
				F8A2C3A722B1F221004DE3F4 /* main.m in Sources */,
				F8A2C39922B1F213004DE3F4 /* AppDelegate.m in Sources */,
			);
			runOnlyForDeploymentPostprocessing = 0;
		};
/* End PBXSourcesBuildPhase section */

/* Begin PBXVariantGroup section */
		F8A2C39D22B1F214004DE3F4 /* Main.storyboard */ = {
			isa = PBXVariantGroup;
			children = (
				F8A2C39E22B1F214004DE3F4 /* Base */,
			);
			name = Main.storyboard;
			sourceTree = "<group>";
		};
		F8A2C3A222B1F221004DE3F4 /* LaunchScreen.storyboard */ = {
			isa = PBXVariantGroup;
			children = (
				F8A2C3A322B1F221004DE3F4 /* Base */,
			);
			name = LaunchScreen.storyboard;
			sourceTree = "<group>";
		};
/* End PBXVariantGroup section */

/* Begin XCBuildConfiguration section */
		F8A2C3A822B1F221004DE3F4 /* Debug */ = {
			isa = XCBuildConfiguration;
			buildSettings = {
				ALWAYS_SEARCH_USER_PATHS = NO;
				CLANG_ANALYZER_NONNULL = YES;
				CLANG_ANALYZER_NUMBER_OBJECT_CONVERSION = YES_AGGRESSIVE;
				CLANG_CXX_LANGUAGE_STANDARD = "gnu++14";
				CLANG_CXX_LIBRARY = "libc++";
				CLANG_ENABLE_MODULES = YES;
				CLANG_ENABLE_OBJC_ARC = YES;
				CLANG_ENABLE_OBJC_WEAK = YES;
				CLANG_WARN_BLOCK_CAPTURE_AUTORELEASING = YES;
				CLANG_WARN_BOOL_CONVERSION = YES;
				CLANG_WARN_COMMA = YES;
				CLANG_WARN_CONSTANT_CONVERSION = YES;
				CLANG_WARN_DEPRECATED_OBJC_IMPLEMENTATIONS = YES;
				CLANG_WARN_DIRECT_OBJC_ISA_USAGE = YES_ERROR;
				CLANG_WARN_DOCUMENTATION_COMMENTS = YES;
				CLANG_WARN_EMPTY_BODY = YES;
				CLANG_WARN_ENUM_CONVERSION = YES;
				CLANG_WARN_INFINITE_RECURSION = YES;
				CLANG_WARN_INT_CONVERSION = YES;
				CLANG_WARN_NON_LITERAL_NULL_CONVERSION = YES;
				CLANG_WARN_OBJC_IMPLICIT_RETAIN_SELF = YES;
				CLANG_WARN_OBJC_LITERAL_CONVERSION = YES;
				CLANG_WARN_OBJC_ROOT_CLASS = YES_ERROR;
				CLANG_WARN_RANGE_LOOP_ANALYSIS = YES;
				CLANG_WARN_STRICT_PROTOTYPES = YES;
				CLANG_WARN_SUSPICIOUS_MOVE = YES;
				CLANG_WARN_UNGUARDED_AVAILABILITY = YES_AGGRESSIVE;
				CLANG_WARN_UNREACHABLE_CODE = YES;
				CLANG_WARN__DUPLICATE_METHOD_MATCH = YES;
				CODE_SIGN_IDENTITY = "iPhone Developer";
				COPY_PHASE_STRIP = NO;
				DEBUG_INFORMATION_FORMAT = dwarf;
				ENABLE_STRICT_OBJC_MSGSEND = YES;
				ENABLE_TESTABILITY = YES;
				GCC_C_LANGUAGE_STANDARD = gnu11;
				GCC_DYNAMIC_NO_PIC = NO;
				GCC_NO_COMMON_BLOCKS = YES;
				GCC_OPTIMIZATION_LEVEL = 0;
				GCC_PREPROCESSOR_DEFINITIONS = (
					"DEBUG=1",
					"$(inherited)",
				);
				GCC_WARN_64_TO_32_BIT_CONVERSION = YES;
				GCC_WARN_ABOUT_RETURN_TYPE = YES_ERROR;
				GCC_WARN_UNDECLARED_SELECTOR = YES;
				GCC_WARN_UNINITIALIZED_AUTOS = YES_AGGRESSIVE;
				GCC_WARN_UNUSED_FUNCTION = YES;
				GCC_WARN_UNUSED_VARIABLE = YES;
				IPHONEOS_DEPLOYMENT_TARGET = 12.1;
				MTL_ENABLE_DEBUG_INFO = INCLUDE_SOURCE;
				MTL_FAST_MATH = YES;
				ONLY_ACTIVE_ARCH = YES;
				SDKROOT = iphoneos;
			};
			name = Debug;
		};
		F8A2C3A922B1F221004DE3F4 /* Release */ = {
			isa = XCBuildConfiguration;
			buildSettings = {
				ALWAYS_SEARCH_USER_PATHS = NO;
				CLANG_ANALYZER_NONNULL = YES;
				CLANG_ANALYZER_NUMBER_OBJECT_CONVERSION = YES_AGGRESSIVE;
				CLANG_CXX_LANGUAGE_STANDARD = "gnu++14";
				CLANG_CXX_LIBRARY = "libc++";
				CLANG_ENABLE_MODULES = YES;
				CLANG_ENABLE_OBJC_ARC = YES;
				CLANG_ENABLE_OBJC_WEAK = YES;
				CLANG_WARN_BLOCK_CAPTURE_AUTORELEASING = YES;
				CLANG_WARN_BOOL_CONVERSION = YES;
				CLANG_WARN_COMMA = YES;
				CLANG_WARN_CONSTANT_CONVERSION = YES;
				CLANG_WARN_DEPRECATED_OBJC_IMPLEMENTATIONS = YES;
				CLANG_WARN_DIRECT_OBJC_ISA_USAGE = YES_ERROR;
				CLANG_WARN_DOCUMENTATION_COMMENTS = YES;
				CLANG_WARN_EMPTY_BODY = YES;
				CLANG_WARN_ENUM_CONVERSION = YES;
				CLANG_WARN_INFINITE_RECURSION = YES;
				CLANG_WARN_INT_CONVERSION = YES;
				CLANG_WARN_NON_LITERAL_NULL_CONVERSION = YES;
				CLANG_WARN_OBJC_IMPLICIT_RETAIN_SELF = YES;
				CLANG_WARN_OBJC_LITERAL_CONVERSION = YES;
				CLANG_WARN_OBJC_ROOT_CLASS = YES_ERROR;
				CLANG_WARN_RANGE_LOOP_ANALYSIS = YES;
				CLANG_WARN_STRICT_PROTOTYPES = YES;
				CLANG_WARN_SUSPICIOUS_MOVE = YES;
				CLANG_WARN_UNGUARDED_AVAILABILITY = YES_AGGRESSIVE;
				CLANG_WARN_UNREACHABLE_CODE = YES;
				CLANG_WARN__DUPLICATE_METHOD_MATCH = YES;
				CODE_SIGN_IDENTITY = "iPhone Developer";
				COPY_PHASE_STRIP = NO;
				DEBUG_INFORMATION_FORMAT = "dwarf-with-dsym";
				ENABLE_NS_ASSERTIONS = NO;
				ENABLE_STRICT_OBJC_MSGSEND = YES;
				GCC_C_LANGUAGE_STANDARD = gnu11;
				GCC_NO_COMMON_BLOCKS = YES;
				GCC_WARN_64_TO_32_BIT_CONVERSION = YES;
				GCC_WARN_ABOUT_RETURN_TYPE = YES_ERROR;
				GCC_WARN_UNDECLARED_SELECTOR = YES;
				GCC_WARN_UNINITIALIZED_AUTOS = YES_AGGRESSIVE;
				GCC_WARN_UNUSED_FUNCTION = YES;
				GCC_WARN_UNUSED_VARIABLE = YES;
				IPHONEOS_DEPLOYMENT_TARGET = 12.1;
				MTL_ENABLE_DEBUG_INFO = NO;
				MTL_FAST_MATH = YES;
				SDKROOT = iphoneos;
				VALIDATE_PRODUCT = YES;
			};
			name = Release;
		};
		F8A2C3AB22B1F221004DE3F4 /* Debug */ = {
			isa = XCBuildConfiguration;
			buildSettings = {
				ASSETCATALOG_COMPILER_APPICON_NAME = AppIcon;
				CODE_SIGN_STYLE = Automatic;
				INFOPLIST_FILE = LEOAlertView/Info.plist;
				LD_RUNPATH_SEARCH_PATHS = (
					"$(inherited)",
					"@executable_path/Frameworks",
				);
				PRODUCT_BUNDLE_IDENTIFIER = com.LEOAlertView;
				PRODUCT_NAME = "$(TARGET_NAME)";
				TARGETED_DEVICE_FAMILY = "1,2";
			};
			name = Debug;
		};
		F8A2C3AC22B1F221004DE3F4 /* Release */ = {
			isa = XCBuildConfiguration;
			buildSettings = {
				ASSETCATALOG_COMPILER_APPICON_NAME = AppIcon;
				CODE_SIGN_STYLE = Automatic;
				INFOPLIST_FILE = LEOAlertView/Info.plist;
				LD_RUNPATH_SEARCH_PATHS = (
					"$(inherited)",
					"@executable_path/Frameworks",
				);
				PRODUCT_BUNDLE_IDENTIFIER = com.LEOAlertView;
				PRODUCT_NAME = "$(TARGET_NAME)";
				TARGETED_DEVICE_FAMILY = "1,2";
			};
			name = Release;
		};
/* End XCBuildConfiguration section */

/* Begin XCConfigurationList section */
		F8A2C38F22B1F213004DE3F4 /* Build configuration list for PBXProject "LEOAlertView" */ = {
			isa = XCConfigurationList;
			buildConfigurations = (
				F8A2C3A822B1F221004DE3F4 /* Debug */,
				F8A2C3A922B1F221004DE3F4 /* Release */,
			);
			defaultConfigurationIsVisible = 0;
			defaultConfigurationName = Release;
		};
		F8A2C3AA22B1F221004DE3F4 /* Build configuration list for PBXNativeTarget "LEOAlertView" */ = {
			isa = XCConfigurationList;
			buildConfigurations = (
				F8A2C3AB22B1F221004DE3F4 /* Debug */,
				F8A2C3AC22B1F221004DE3F4 /* Release */,
			);
			defaultConfigurationIsVisible = 0;
			defaultConfigurationName = Release;
		};
/* End XCConfigurationList section */
	};
	rootObject = F8A2C38C22B1F213004DE3F4 /* Project object */;
}
